{
    "_meta": {
        "hash": {
            "sha256": "dcc5bdab361472796c5903dd1a23a872590514b2ae15b57e87be62353ffa547d"
        },
        "pipfile-spec": 6,
        "requires": {
            "python_version": "3.7"
        },
        "sources": [
            {
                "name": "pypi",
                "url": "https://pypi.org/simple",
                "verify_ssl": true
            }
        ]
    },
    "default": {
        "numpy": {
            "hashes": [
                "sha256:0778076e764e146d3078b17c24c4d89e0ecd4ac5401beff8e1c87879043a0633",
                "sha256:141c7102f20abe6cf0d54c4ced8d565b86df4d3077ba2343b61a6db996cefec7",
                "sha256:14270a1ee8917d11e7753fb54fc7ffd1934f4d529235beec0b275e2ccf00333b",
                "sha256:27e11c7a8ec9d5838bc59f809bfa86efc8a4fd02e58960fa9c49d998e14332d5",
                "sha256:2a04dda79606f3d2f760384c38ccd3d5b9bb79d4c8126b67aff5eb09a253763e",
                "sha256:3c26010c1b51e1224a3ca6b8df807de6e95128b0908c7e34f190e7775455b0ca",
                "sha256:52c40f1a4262c896420c6ea1c6fda62cf67070e3947e3307f5562bd783a90336",
                "sha256:6e4f8d9e8aa79321657079b9ac03f3cf3fd067bf31c1cca4f56d49543f4356a5",
                "sha256:7242be12a58fec245ee9734e625964b97cf7e3f2f7d016603f9e56660ce479c7",
                "sha256:7dc253b542bfd4b4eb88d9dbae4ca079e7bf2e2afd819ee18891a43db66c60c7",
                "sha256:94f5bd885f67bbb25c82d80184abbf7ce4f6c3c3a41fbaa4182f034bba803e69",
                "sha256:a89e188daa119ffa0d03ce5123dee3f8ffd5115c896c2a9d4f0dbb3d8b95bfa3",
                "sha256:ad3399da9b0ca36e2f24de72f67ab2854a62e623274607e37e0ce5f5d5fa9166",
                "sha256:b0348be89275fd1d4c44ffa39530c41a21062f52299b1e3ee7d1c61f060044b8",
                "sha256:b5554368e4ede1856121b0dfa35ce71768102e4aa55e526cb8de7f374ff78722",
                "sha256:cbddc56b2502d3f87fda4f98d948eb5b11f36ff3902e17cb6cc44727f2200525",
                "sha256:d79f18f41751725c56eceab2a886f021d70fd70a6188fd386e29a045945ffc10",
                "sha256:dc2ca26a19ab32dc475dbad9dfe723d3a64c835f4c23f625c2b6566ca32b9f29",
                "sha256:dd9bcd4f294eb0633bb33d1a74febdd2b9018b8b8ed325f861fffcd2c7660bb8",
                "sha256:e8baab1bc7c9152715844f1faca6744f2416929de10d7639ed49555a85549f52",
                "sha256:ec31fe12668af687b99acf1567399632a7c47b0e17cfb9ae47c098644ef36797",
                "sha256:f12b4f7e2d8f9da3141564e6737d79016fe5336cc92de6814eba579744f65b0a",
                "sha256:f58ac38d5ca045a377b3b377c84df8175ab992c970a53332fa8ac2373df44ff7"
            ],
            "index": "pypi",
            "version": "==1.16.4"
        },
        "pydaqmx": {
            "hashes": [
                "sha256:9d4594d3c065e7625f6846f330822f856b2fd4d0ad6a6b9a6e4fe8f3e155279f"
            ],
            "index": "pypi",
            "version": "==1.4.2"
        },
        "pyqtgraph": {
            "editable": true,
            "git": "https://github.com/pyqtgraph/pyqtgraph",
            "ref": "a51ff8eb611c28e8a0cd03c9b1e628f6434ba36b"
        },
        "pyside2": {
            "hashes": [
                "sha256:485bea45a860df5eb13714c84f13b0b40bc68c4f799f6f941a144dd8e25aa7ad",
                "sha256:4a96d35959f6b1ec6585b55daa5cd1ff9a25f8479acdff9ca81702467b304e59",
                "sha256:565ec327615253901ffa25edcaa5039b1f854a0d782aad775c3cb62575fedb28",
                "sha256:6eb9e6763357dd05de87bf6ac79a8fcfb3164315e3c3004604a793db4fe1a075",
                "sha256:813ba1decc908018c8dc4223c24a0ea3b5ead8c3a3347eb69633af327e449dea",
                "sha256:8ddcf50fee00cb24f8760423725e8d0ba2a6e405e48fb3112b2d22b0864bb56a"
            ],
            "index": "pypi",
            "version": "==5.12.3"
        },
        "shiboken2": {
            "hashes": [
                "sha256:00f16d39cc7934934569ee148a89c2068992f66dbae4c50824087549d1bd7b7a",
                "sha256:209f1e8dc71b7d4262474ce0b1716b8e0b7db525c20d85849f5ddd249abf1908",
                "sha256:acbc29f88a144a55ca11b17357024e594a2fecd88d93c1a020aac8944fad970a",
                "sha256:bd06cc77fecec3f232bdfb82be20825f8a05c17f3b034b42f884f940092ba4fc",
                "sha256:c1e5c75fdcb6ad9b47521ada5b35a7f7ae619895563b9708fee6f0045d09a002",
                "sha256:d7d30ae3ba20556d5ddab5879a629a7d851d3f19255b76ccd21749429e6a3271"
            ],
            "version": "==5.12.3"
        }
    },
    "develop": {}
}
